
Microsoft Visual Studio Solution File, Format Version 12.00
# Visual Studio 2013
VisualStudioVersion = 12.0.21005.1
MinimumVisualStudioVersion = 10.0.40219.1
Project("{2150E333-8FDC-42A3-9474-1A3956D46DE8}") = "Lib", "Lib", "{37FBDBC4-D4AD-4356-9F7D-5150A9D00EDD}"
EndProject
Project("{2150E333-8FDC-42A3-9474-1A3956D46DE8}") = "Exe", "Exe", "{57C1BE80-8C1C-47FE-BFE7-B7C5C8B7EDCF}"
EndProject
Project("{8BC9CEB8-8B4A-11D0-8D11-00A0C91BC942}") = "GuiLib", "Lib\GuiLib\GuiLib.vcxproj", "{057BA1B4-2E6D-4708-8E8A-EE14C5AC5BEE}"
EndProject
Project("{2150E333-8FDC-42A3-9474-1A3956D46DE8}") = "OpenGl", "OpenGl", "{41A7EFEE-77B9-4B01-895F-135BE7C01112}"
EndProject
Project("{2150E333-8FDC-42A3-9474-1A3956D46DE8}") = "Win32", "Win32", "{77B15B08-5D77-49D3-BCAA-2C15B2426B0F}"
EndProject
Project("{8BC9CEB8-8B4A-11D0-8D11-00A0C91BC942}") = "RussiaBlock", "Exe\Win32\RussiaBlock\RussiaBlock.vcxproj", "{1ED738E3-93DA-4FE2-B208-F68F3F3B9375}"
EndProject
Project("{8BC9CEB8-8B4A-11D0-8D11-00A0C91BC942}") = "NotePad", "Exe\Win32\NotePad\NotePad.vcxproj", "{244FD6B1-729E-494D-8E51-6A25A08B1220}"
EndProject
Project("{8BC9CEB8-8B4A-11D0-8D11-00A0C91BC942}") = "WndFrame", "Lib\WndFrame\WndFrame.vcxproj", "{C1A43ABB-90A2-4124-B328-C1725F008D8D}"
EndProject
Project("{8BC9CEB8-8B4A-11D0-8D11-00A0C91BC942}") = "Triangle", "Exe\OpenGl\Triangle\Triangle.vcxproj", "{A601BE84-5730-48ED-9D0F-FFBF6DB972F6}"
EndProject
Project("{8BC9CEB8-8B4A-11D0-8D11-00A0C91BC942}") = "ThreeCube", "Exe\OpenGl\ThreeCube\ThreeCube.vcxproj", "{4D1A7C5E-247A-488C-B25B-DA91935F38DC}"
EndProject
Global
	GlobalSection(SolutionConfigurationPlatforms) = preSolution
		Debug|Win32 = Debug|Win32
		Release|Win32 = Release|Win32
	EndGlobalSection
	GlobalSection(ProjectConfigurationPlatforms) = postSolution
		{057BA1B4-2E6D-4708-8E8A-EE14C5AC5BEE}.Debug|Win32.ActiveCfg = Debug|Win32
		{057BA1B4-2E6D-4708-8E8A-EE14C5AC5BEE}.Debug|Win32.Build.0 = Debug|Win32
		{057BA1B4-2E6D-4708-8E8A-EE14C5AC5BEE}.Release|Win32.ActiveCfg = Release|Win32
		{057BA1B4-2E6D-4708-8E8A-EE14C5AC5BEE}.Release|Win32.Build.0 = Release|Win32
		{1ED738E3-93DA-4FE2-B208-F68F3F3B9375}.Debug|Win32.ActiveCfg = Debug|Win32
		{1ED738E3-93DA-4FE2-B208-F68F3F3B9375}.Debug|Win32.Build.0 = Debug|Win32
		{1ED738E3-93DA-4FE2-B208-F68F3F3B9375}.Release|Win32.ActiveCfg = Release|Win32
		{1ED738E3-93DA-4FE2-B208-F68F3F3B9375}.Release|Win32.Build.0 = Release|Win32
		{244FD6B1-729E-494D-8E51-6A25A08B1220}.Debug|Win32.ActiveCfg = Debug|Win32
		{244FD6B1-729E-494D-8E51-6A25A08B1220}.Debug|Win32.Build.0 = Debug|Win32
		{244FD6B1-729E-494D-8E51-6A25A08B1220}.Release|Win32.ActiveCfg = Release|Win32
		{244FD6B1-729E-494D-8E51-6A25A08B1220}.Release|Win32.Build.0 = Release|Win32
		{C1A43ABB-90A2-4124-B328-C1725F008D8D}.Debug|Win32.ActiveCfg = Debug|Win32
		{C1A43ABB-90A2-4124-B328-C1725F008D8D}.Debug|Win32.Build.0 = Debug|Win32
		{C1A43ABB-90A2-4124-B328-C1725F008D8D}.Release|Win32.ActiveCfg = Release|Win32
		{C1A43ABB-90A2-4124-B328-C1725F008D8D}.Release|Win32.Build.0 = Release|Win32
		{A601BE84-5730-48ED-9D0F-FFBF6DB972F6}.Debug|Win32.ActiveCfg = Debug|Win32
		{A601BE84-5730-48ED-9D0F-FFBF6DB972F6}.Debug|Win32.Build.0 = Debug|Win32
		{A601BE84-5730-48ED-9D0F-FFBF6DB972F6}.Release|Win32.ActiveCfg = Release|Win32
		{A601BE84-5730-48ED-9D0F-FFBF6DB972F6}.Release|Win32.Build.0 = Release|Win32
		{4D1A7C5E-247A-488C-B25B-DA91935F38DC}.Debug|Win32.ActiveCfg = Debug|Win32
		{4D1A7C5E-247A-488C-B25B-DA91935F38DC}.Debug|Win32.Build.0 = Debug|Win32
		{4D1A7C5E-247A-488C-B25B-DA91935F38DC}.Release|Win32.ActiveCfg = Release|Win32
		{4D1A7C5E-247A-488C-B25B-DA91935F38DC}.Release|Win32.Build.0 = Release|Win32
	EndGlobalSection
	GlobalSection(SolutionProperties) = preSolution
		HideSolutionNode = FALSE
	EndGlobalSection
	GlobalSection(NestedProjects) = preSolution
		{057BA1B4-2E6D-4708-8E8A-EE14C5AC5BEE} = {37FBDBC4-D4AD-4356-9F7D-5150A9D00EDD}
		{C1A43ABB-90A2-4124-B328-C1725F008D8D} = {37FBDBC4-D4AD-4356-9F7D-5150A9D00EDD}
		{41A7EFEE-77B9-4B01-895F-135BE7C01112} = {57C1BE80-8C1C-47FE-BFE7-B7C5C8B7EDCF}
		{77B15B08-5D77-49D3-BCAA-2C15B2426B0F} = {57C1BE80-8C1C-47FE-BFE7-B7C5C8B7EDCF}
		{A601BE84-5730-48ED-9D0F-FFBF6DB972F6} = {41A7EFEE-77B9-4B01-895F-135BE7C01112}
		{4D1A7C5E-247A-488C-B25B-DA91935F38DC} = {41A7EFEE-77B9-4B01-895F-135BE7C01112}
		{1ED738E3-93DA-4FE2-B208-F68F3F3B9375} = {77B15B08-5D77-49D3-BCAA-2C15B2426B0F}
		{244FD6B1-729E-494D-8E51-6A25A08B1220} = {77B15B08-5D77-49D3-BCAA-2C15B2426B0F}
	EndGlobalSection
EndGlobal
